
Microsoft Visual Studio Solution File, Format Version 12.00
# Visual Studio Version 16
VisualStudioVersion = 16.0.30517.126
MinimumVisualStudioVersion = 10.0.40219.1
Project("{F184B08F-C81C-45F6-A57F-5ABD9991F28F}") = "Vectores", "Vectores.vbproj", "{BAF2F126-C412-4FA2-9F9A-5043A314950C}"
EndProject
Global
	GlobalSection(SolutionConfigurationPlatforms) = preSolution
		Debug|Any CPU = Debug|Any CPU
		Release|Any CPU = Release|Any CPU
	EndGlobalSection
	GlobalSection(ProjectConfigurationPlatforms) = postSolution
		{BAF2F126-C412-4FA2-9F9A-5043A314950C}.Debug|Any CPU.ActiveCfg = Debug|Any CPU
		{BAF2F126-C412-4FA2-9F9A-5043A314950C}.Debug|Any CPU.Build.0 = Debug|Any CPU
		{BAF2F126-C412-4FA2-9F9A-5043A314950C}.Release|Any CPU.ActiveCfg = Release|Any CPU
		{BAF2F126-C412-4FA2-9F9A-5043A314950C}.Release|Any CPU.Build.0 = Release|Any CPU
	EndGlobalSection
	GlobalSection(SolutionProperties) = preSolution
		HideSolutionNode = FALSE
	EndGlobalSection
	GlobalSection(ExtensibilityGlobals) = postSolution
		SolutionGuid = {935EC803-0866-4C82-9158-431B748D00D6}
	EndGlobalSection
EndGlobal
