
Microsoft Visual Studio Solution File, Format Version 12.00
# Visual Studio Version 16
VisualStudioVersion = 16.0.30717.126
MinimumVisualStudioVersion = 10.0.40219.1
Project("{F184B08F-C81C-45F6-A57F-5ABD9991F28F}") = "Examen Final_LP", "Examen Final_LP.vbproj", "{312C0F32-B18D-47D2-9BA0-15C9DECE7D30}"
EndProject
Global
	GlobalSection(SolutionConfigurationPlatforms) = preSolution
		Debug|Any CPU = Debug|Any CPU
		Release|Any CPU = Release|Any CPU
	EndGlobalSection
	GlobalSection(ProjectConfigurationPlatforms) = postSolution
		{312C0F32-B18D-47D2-9BA0-15C9DECE7D30}.Debug|Any CPU.ActiveCfg = Debug|Any CPU
		{312C0F32-B18D-47D2-9BA0-15C9DECE7D30}.Debug|Any CPU.Build.0 = Debug|Any CPU
		{312C0F32-B18D-47D2-9BA0-15C9DECE7D30}.Release|Any CPU.ActiveCfg = Release|Any CPU
		{312C0F32-B18D-47D2-9BA0-15C9DECE7D30}.Release|Any CPU.Build.0 = Release|Any CPU
	EndGlobalSection
	GlobalSection(SolutionProperties) = preSolution
		HideSolutionNode = FALSE
	EndGlobalSection
	GlobalSection(ExtensibilityGlobals) = postSolution
		SolutionGuid = {10657D5F-6A4E-48FB-A505-3E5A8912B963}
	EndGlobalSection
EndGlobal
