
Microsoft Visual Studio Solution File, Format Version 12.00
# Visual Studio Version 16
VisualStudioVersion = 16.0.30517.126
MinimumVisualStudioVersion = 10.0.40219.1
Project("{F184B08F-C81C-45F6-A57F-5ABD9991F28F}") = "Vector3", "Vector3.vbproj", "{A7D2E07C-7FF4-4C41-ACD1-12BB6866C6F5}"
EndProject
Global
	GlobalSection(SolutionConfigurationPlatforms) = preSolution
		Debug|Any CPU = Debug|Any CPU
		Release|Any CPU = Release|Any CPU
	EndGlobalSection
	GlobalSection(ProjectConfigurationPlatforms) = postSolution
		{A7D2E07C-7FF4-4C41-ACD1-12BB6866C6F5}.Debug|Any CPU.ActiveCfg = Debug|Any CPU
		{A7D2E07C-7FF4-4C41-ACD1-12BB6866C6F5}.Debug|Any CPU.Build.0 = Debug|Any CPU
		{A7D2E07C-7FF4-4C41-ACD1-12BB6866C6F5}.Release|Any CPU.ActiveCfg = Release|Any CPU
		{A7D2E07C-7FF4-4C41-ACD1-12BB6866C6F5}.Release|Any CPU.Build.0 = Release|Any CPU
	EndGlobalSection
	GlobalSection(SolutionProperties) = preSolution
		HideSolutionNode = FALSE
	EndGlobalSection
	GlobalSection(ExtensibilityGlobals) = postSolution
		SolutionGuid = {B723ABF9-DEAF-4999-83A9-2C612D15A049}
	EndGlobalSection
EndGlobal
