
Microsoft Visual Studio Solution File, Format Version 12.00
# Visual Studio Version 16
VisualStudioVersion = 16.0.30517.126
MinimumVisualStudioVersion = 10.0.40219.1
Project("{F184B08F-C81C-45F6-A57F-5ABD9991F28F}") = "Hagamos un repaso", "Hagamos un repaso.vbproj", "{9DE23A3D-6A09-4751-AA73-6FE13DCDE332}"
EndProject
Global
	GlobalSection(SolutionConfigurationPlatforms) = preSolution
		Debug|Any CPU = Debug|Any CPU
		Release|Any CPU = Release|Any CPU
	EndGlobalSection
	GlobalSection(ProjectConfigurationPlatforms) = postSolution
		{9DE23A3D-6A09-4751-AA73-6FE13DCDE332}.Debug|Any CPU.ActiveCfg = Debug|Any CPU
		{9DE23A3D-6A09-4751-AA73-6FE13DCDE332}.Debug|Any CPU.Build.0 = Debug|Any CPU
		{9DE23A3D-6A09-4751-AA73-6FE13DCDE332}.Release|Any CPU.ActiveCfg = Release|Any CPU
		{9DE23A3D-6A09-4751-AA73-6FE13DCDE332}.Release|Any CPU.Build.0 = Release|Any CPU
	EndGlobalSection
	GlobalSection(SolutionProperties) = preSolution
		HideSolutionNode = FALSE
	EndGlobalSection
	GlobalSection(ExtensibilityGlobals) = postSolution
		SolutionGuid = {C026CF95-68A6-43BA-87FF-B4D65379300D}
	EndGlobalSection
EndGlobal
